github.com/Knetic/govaluate v3.0.0+incompatible h1:7o6+MAPhYTCF0+fdvoz1xDedhRb4f6s9Tn1Tt7/WTEg=
github.com/Knetic/govaluate v3.0.0+incompatible/go.mod h1:r7JcOSlj0wfOMncg0iLm8Leh48TZaKVeNIfJntJ2wa0=
github.com/bcicen/bfstree v0.0.0-20180121191807-11ea469698a6 h1:sZby+ux5+//KgjN0jeYxKFhXWh9h7cKoKSWzN6S3u9I=
github.com/bcicen/bfstree v0.0.0-20180121191807-11ea469698a6/go.mod h1:NGUP3sYHSYkZouX/Ml1bq4O/VFwuT1si8UZELj7iPQo=
github.com/bcicen/bfstree v0.0.0-20200329162357-95f698fa66f9 h1:1tDzGifCSBgXuTVaVtorb0krGzjtocbrzmuo2NgHeTU=
github.com/bcicen/bfstree v0.0.0-20200329162357-95f698fa66f9/go.mod h1:NGUP3sYHSYkZouX/Ml1bq4O/VFwuT1si8UZELj7iPQo=
github.com/bcicen/color v0.0.0-20200205172724-cd9e71bc3904 h1:CYVkW7GnAwjRn+O70QdtsK0kpE/7en17ecgTpt2ttEs=
github.com/bcicen/color v0.0.0-20200205172724-cd9e71bc3904/go.mod h1:cFl69BqjxCRperoZKSKRYbSB/fsD8cNhnEDLeprPWjU=
github.com/bcicen/go-units v0.0.0-20190124145621-c8e03364c7b6 h1:l6vmQPZ9I9Yz5nvsu4P/pEEPi+kW7r4tahkQnPFaePU=
github.com/bcicen/go-units v0.0.0-20190124145621-c8e03364c7b6/go.mod h1:ZmyCX7XZk2GYugNPk8qmN6nr2MaNYjbwyE4aaia4gDc=
github.com/bcicen/go-units v0.0.0-20200105142812-2f1917e3e2c3 h1:Si4auH4WmXufjOF49T0aRa6xPgNeqnT9OW+qkrdr0g8=
github.com/bcicen/go-units v0.0.0-20200105142812-2f1917e3e2c3/go.mod h1:ZmyCX7XZk2GYugNPk8qmN6nr2MaNYjbwyE4aaia4gDc=
github.com/bcicen/go-units v1.0.0 h1:6jOHdI5LQpFZRH6RHPK5NPQPw8rxxKTCXsTRAJRTKyA=
github.com/bcicen/go-units v1.0.0/go.mod h1:42XqueaydVba/66lNa3/YJ/U3AF8qmpMMmLKEfz7+oc=
github.com/bcicen/go-units v1.0.1 h1:ongScb0lWDb3E5qjry+g0JEZdhrpf3bvu5NT7XPHWuA=
github.com/bcicen/go-units v1.0.1/go.mod h1:sI4AZ0qBGjhI0maI6wC+yMGrOMTK9N7qf1bxND8xBLM=
github.com/bcicen/go-units v1.0.2 h1:MRoxxrzpov4qmF3Zmb9GRBzAm3co5K/8BH+Ecbz0epw=
github.com/bcicen/go-units v1.0.2/go.mod h1:sI4AZ0qBGjhI0maI6wC+yMGrOMTK9N7qf1bxND8xBLM=
github.com/c-bata/go-prompt v0.2.1 h1:HTPxmnfY4y5x3Myo7Gq4ce989jfnvZIBgdBp6y8bjYM=
github.com/c-bata/go-prompt v0.2.1/go.mod h1:VzqtzE2ksDBcdln8G7mk2RX9QyGjH+OVqOCSiVIqS34=
github.com/c-bata/go-prompt v0.2.2-0.20180219161504-f329ebd2409d h1:IE7ice4AhM/iDaT9BR8UQe9VgcOhXlAFiK3AWwtMNp8=
github.com/c-bata/go-prompt v0.2.2-0.20180219161504-f329ebd2409d/go.mod h1:VzqtzE2ksDBcdln8G7mk2RX9QyGjH+OVqOCSiVIqS34=
github.com/c-bata/go-prompt v0.2.3-0.20180710174915-aa7dc8bfd598 h1:tOyF6pEAXCrHoCmaNW40EThjwmpDnhmCyk49KWG5kgE=
github.com/c-bata/go-prompt v0.2.3-0.20180710174915-aa7dc8bfd598/go.mod h1:VzqtzE2ksDBcdln8G7mk2RX9QyGjH+OVqOCSiVIqS34=
github.com/davecgh/go-spew v1.1.0 h1:ZDRjVQ15GmhC3fiQ8ni8+OwkZQO4DARzQgrnXU1Liz8=
github.com/davecgh/go-spew v1.1.0/go.mod h1:J7Y8YcW2NihsgmVo/mv3lAwl/skON4iLHjSsI+c5H38=
github.com/fatih/color v1.6.0 h1:66qjqZk8kalYAvDRtM1AdAJQI0tj4Wrue3Eq3B3pmFU=
github.com/fatih/color v1.6.0/go.mod h1:Zm6kSWBoL9eyXnKyktHP6abPY2pDugNf5KwzbycvMj4=
github.com/mattn/go-colorable v0.0.9 h1:UVL0vNpWh04HeJXV0KLcaT7r06gOH2l4OW6ddYRUIY4=
github.com/mattn/go-colorable v0.0.9/go.mod h1:9vuHe8Xs5qXnSaW/c/ABM9alt+Vo+STaOChaDxuIBZU=
github.com/mattn/go-isatty v0.0.3 h1:ns/ykhmWi7G9O+8a448SecJU3nSMBXJfqQkl0upE1jI=
github.com/mattn/go-isatty v0.0.3/go.mod h1:M+lRXTBqGeGNdLjl/ufCoiOlB5xdOkqRJdNxMWT7Zi4=
github.com/mattn/go-runewidth v0.0.8 h1:3tS41NlGYSmhhe/8fhGRzc+z3AYCw1Fe1WAyLuujKs0=
github.com/mattn/go-runewidth v0.0.8/go.mod h1:H031xJmbD/WCDINGzjvQ9THkh0rPKHF+m2gUSrubnMI=
github.com/mattn/go-tty v0.0.0-20180214160730-5128a79c1473 h1:W6SN173ILHtG7Ljj1M0laBmwaV2dVqaH25Pm9KEdLH8=
github.com/mattn/go-tty v0.0.0-20180214160730-5128a79c1473/go.mod h1:XPvLUNfbS4fJH25nqRHfWLMa1ONC8Amw+mIA639KxkE=
github.com/pkg/term v0.0.0-20160705081919-b1f72af2d630 h1:ZX/9jeXxcLzjhf1Nld8Xx00p3KaxwHkO/wUmTFldenQ=
github.com/pkg/term v0.0.0-20160705081919-b1f72af2d630/go.mod h1:eCbImbZ95eXtAUIbLAuAVnBnwf83mjf6QIVH8SHYwqQ=
github.com/pmezard/go-difflib v1.0.0 h1:4DBwDE0NGyQoBHbLQYPwSUPoCMWR5BEzIk/f1lZbAQM=
github.com/pmezard/go-difflib v1.0.0/go.mod h1:iKH77koFhYxTK1pcRnkKkqfTogsbg7gZNVY4sRDYZ/4=
github.com/stretchr/objx v0.1.0/go.mod h1:HFkY916IF+rwdDfMAkV7OtwuqBVzrE8GR6GFx+wExME=
github.com/stretchr/testify v1.5.1 h1:nOGnQDM7FYENwehXlg/kFVnos3rEvtKTjRvOWSzb6H4=
github.com/stretchr/testify v1.5.1/go.mod h1:5W2xD1RspED5o8YsWQXVCued0rvSQ+mT+I5cxcmMvtA=
github.com/stretchr/testify v1.7.0 h1:nwc3DEeHmmLAfoZucVR881uASk0Mfjw8xYJ99tb5CcY=
github.com/stretchr/testify v1.7.0/go.mod h1:6Fq8oRcR53rry900zMqJjRRixrwX3KX962/h/Wwjteg=
golang.org/x/sys v0.0.0-20180202135801-37707fdb30a5 h1:MF92a0wJ3gzSUVBpjcwdrDr5+klMFRNEEu6Mev4n00I=
golang.org/x/sys v0.0.0-20180202135801-37707fdb30a5/go.mod h1:STP8DvDyc/dI5b8T5hshtkjS+E42TnysNCUPdjciGhY=
gopkg.in/check.v1 v0.0.0-20161208181325-20d25e280405/go.mod h1:Co6ibVJAznAaIkqp8huTwlJQCZ016jof/cbN4VW5Yz0=
gopkg.in/yaml.v2 v2.2.2 h1:ZCJp+EgiOT7lHqUV2J862kp8Qj64Jo6az82+3Td9dZw=
gopkg.in/yaml.v2 v2.2.2/go.mod h1:hI93XBmqTisBFMUTm0b8Fm+jr3Dg1NNxqwp+5A1VGuI=
gopkg.in/yaml.v3 v3.0.0-20200313102051-9f266ea9e77c h1:dUUwHk2QECo/6vqA44rthZ8ie2QXMNeKRTHCNY2nXvo=
gopkg.in/yaml.v3 v3.0.0-20200313102051-9f266ea9e77c/go.mod h1:K4uyk7z7BCEPqu6E+C64Yfv1cQ7kz7rIZviUmN+EgEM=
